// !$*UTF8*$!
{
	archiveVersion = 1;
	classes = {
	};
	objectVersion = 50;
	objects = {

/* Begin PBXBuildFile section */
		3286E0C6265EC19C001FECEB /* VGSCheckout.framework in Frameworks */ = {isa = PBXBuildFile; fileRef = 3286E0BC265EC19C001FECEB /* VGSCheckout.framework */; };
		3286E131265EC588001FECEB /* VGSCheckout.h in Headers */ = {isa = PBXBuildFile; fileRef = 3286E12F265EC588001FECEB /* VGSCheckout.h */; settings = {ATTRIBUTES = (Public, ); }; };
		3286E139265EC5DC001FECEB /* VGSCheckoutTests.swift in Sources */ = {isa = PBXBuildFile; fileRef = 3286E137265EC5DC001FECEB /* VGSCheckoutTests.swift */; };
		4455C84C266E4420000CD666 /* VGSPayWithCardHeaderView.swift in Sources */ = {isa = PBXBuildFile; fileRef = 4455C84B266E4420000CD666 /* VGSPayWithCardHeaderView.swift */; };
		4455C84E266E6908000CD666 /* VGSCardHolderDetailsView.swift in Sources */ = {isa = PBXBuildFile; fileRef = 4455C84D266E6908000CD666 /* VGSCardHolderDetailsView.swift */; };
		44955C25266DE20500435FC6 /* VGSHeaderBarView.swift in Sources */ = {isa = PBXBuildFile; fileRef = 44955C24266DE20500435FC6 /* VGSHeaderBarView.swift */; };
		44955C2A266DF4D100435FC6 /* VGSCustomRoundedButton.swift in Sources */ = {isa = PBXBuildFile; fileRef = 44955C29266DF4D100435FC6 /* VGSCustomRoundedButton.swift */; };
		44C4C8DF2664B18B00195505 /* VGSCheckoutHeaderView.swift in Sources */ = {isa = PBXBuildFile; fileRef = 44C4C8BC2664B18A00195505 /* VGSCheckoutHeaderView.swift */; };
		44C4C8E02664B18B00195505 /* VGSCardDetailsFormView.swift in Sources */ = {isa = PBXBuildFile; fileRef = 44C4C8BE2664B18A00195505 /* VGSCardDetailsFormView.swift */; };
		44C4C8E12664B18B00195505 /* VGSFormView.swift in Sources */ = {isa = PBXBuildFile; fileRef = 44C4C8BF2664B18B00195505 /* VGSFormView.swift */; };
		44C4C8E22664B18B00195505 /* VGSCheckoutItem.swift in Sources */ = {isa = PBXBuildFile; fileRef = 44C4C8C02664B18B00195505 /* VGSCheckoutItem.swift */; };
		44C4C8EB2664B18B00195505 /* VGSCVCFormItemView.swift in Sources */ = {isa = PBXBuildFile; fileRef = 44C4C8CE2664B18B00195505 /* VGSCVCFormItemView.swift */; };
		44C4C8EC2664B18B00195505 /* VGSCardholderFormItemView.swift in Sources */ = {isa = PBXBuildFile; fileRef = 44C4C8CF2664B18B00195505 /* VGSCardholderFormItemView.swift */; };
		44C4C8ED2664B18B00195505 /* VGSCardNumberFormItemView.swift in Sources */ = {isa = PBXBuildFile; fileRef = 44C4C8D02664B18B00195505 /* VGSCardNumberFormItemView.swift */; };
		44C4C8EE2664B18B00195505 /* VGSExpirationDateFormItemView.swift in Sources */ = {isa = PBXBuildFile; fileRef = 44C4C8D12664B18B00195505 /* VGSExpirationDateFormItemView.swift */; };
		44C4C8EF2664B18B00195505 /* VGSFormComponent.swift in Sources */ = {isa = PBXBuildFile; fileRef = 44C4C8D22664B18B00195505 /* VGSFormComponent.swift */; };
		44C4C8F02664B18B00195505 /* VGSPlaceholderFormItemView.swift in Sources */ = {isa = PBXBuildFile; fileRef = 44C4C8D42664B18B00195505 /* VGSPlaceholderFormItemView.swift */; };
		44C4C8F12664B18B00195505 /* VGSFormHintView.swift in Sources */ = {isa = PBXBuildFile; fileRef = 44C4C8D52664B18B00195505 /* VGSFormHintView.swift */; };
		44C4C8F22664B18B00195505 /* VGSContainerItemView.swift in Sources */ = {isa = PBXBuildFile; fileRef = 44C4C8D72664B18B00195505 /* VGSContainerItemView.swift */; };
		44C4C8F32664B18B00195505 /* VGSSeparatedStackView.swift in Sources */ = {isa = PBXBuildFile; fileRef = 44C4C8D92664B18B00195505 /* VGSSeparatedStackView.swift */; };
		44C4C8F42664B18B00195505 /* VGSFormViewController.swift in Sources */ = {isa = PBXBuildFile; fileRef = 44C4C8DB2664B18B00195505 /* VGSFormViewController.swift */; };
		44C4C8F52664B18B00195505 /* VGSSubmitButton.swift in Sources */ = {isa = PBXBuildFile; fileRef = 44C4C8DE2664B18B00195505 /* VGSSubmitButton.swift */; };
		44C4C8FB2664B1FD00195505 /* UIView+Extensions.swift in Sources */ = {isa = PBXBuildFile; fileRef = 44C4C8FA2664B1FD00195505 /* UIView+Extensions.swift */; };
		44C4C8FE2664B3B900195505 /* UIColor+Extensions.swift in Sources */ = {isa = PBXBuildFile; fileRef = 44C4C8FD2664B3B900195505 /* UIColor+Extensions.swift */; };
		44C4C9012664BA5A00195505 /* VGSCheckoutTheme.swift in Sources */ = {isa = PBXBuildFile; fileRef = 44C4C9002664BA5A00195505 /* VGSCheckoutTheme.swift */; };
		44C4C9052664EC7600195505 /* VGSCheckoutBasicConfigurationProtocol.swift in Sources */ = {isa = PBXBuildFile; fileRef = 44C4C9042664EC7600195505 /* VGSCheckoutBasicConfigurationProtocol.swift */; };
		44C4C9092664ECD200195505 /* VGSCheckoutConfiguration.swift in Sources */ = {isa = PBXBuildFile; fileRef = 44C4C9082664ECD200195505 /* VGSCheckoutConfiguration.swift */; };
		44C4C92726651AD700195505 /* VGSCheckout.swift in Sources */ = {isa = PBXBuildFile; fileRef = 44C4C92626651AD700195505 /* VGSCheckout.swift */; };
		44C4C92A26651DCD00195505 /* VGSCardDataSectionManager.swift in Sources */ = {isa = PBXBuildFile; fileRef = 44C4C92926651DCD00195505 /* VGSCardDataSectionManager.swift */; };
		44C4C92C2665F8ED00195505 /* VGSAddCardUseCaseManager.swift in Sources */ = {isa = PBXBuildFile; fileRef = 44C4C92B2665F8ED00195505 /* VGSAddCardUseCaseManager.swift */; };
		44C4C92E2665F9F800195505 /* VGSAddCardFormViewBuilder.swift in Sources */ = {isa = PBXBuildFile; fileRef = 44C4C92D2665F9F800195505 /* VGSAddCardFormViewBuilder.swift */; };
		44D520CC26771AD8005AB588 /* VGSCreditCardAPIWorker.swift in Sources */ = {isa = PBXBuildFile; fileRef = 44D520CB26771AD8005AB588 /* VGSCreditCardAPIWorker.swift */; };
		44D520CE26771E56005AB588 /* VGSCheckoutDelegate.swift in Sources */ = {isa = PBXBuildFile; fileRef = 44D520CD26771E56005AB588 /* VGSCheckoutDelegate.swift */; };
		44D520D326771EFD005AB588 /* VGSCheckoutRequestResult.swift in Sources */ = {isa = PBXBuildFile; fileRef = 44D520D226771EFD005AB588 /* VGSCheckoutRequestResult.swift */; };
		44D520D926772937005AB588 /* VGSAddCardAPIWorkerFactory.swift in Sources */ = {isa = PBXBuildFile; fileRef = 44D520D826772937005AB588 /* VGSAddCardAPIWorkerFactory.swift */; };
		44D520E6267870CE005AB588 /* VGSCheckoutMultiplexingConfiguration.swift in Sources */ = {isa = PBXBuildFile; fileRef = 44D520E5267870CD005AB588 /* VGSCheckoutMultiplexingConfiguration.swift */; };
		44D520F226788594005AB588 /* VGSAddCreditCardMultiplexingAPIWorker.swift in Sources */ = {isa = PBXBuildFile; fileRef = 44D520F126788594005AB588 /* VGSAddCreditCardMultiplexingAPIWorker.swift */; };
		44EBEBFC266F8B1800270953 /* VGSCheckoutFlowCoordinator.swift in Sources */ = {isa = PBXBuildFile; fileRef = 44EBEBFB266F8B1800270953 /* VGSCheckoutFlowCoordinator.swift */; };
		44EBEBFF266F8CDD00270953 /* VGSCollect+CheckoutExtensions.swift in Sources */ = {isa = PBXBuildFile; fileRef = 44EBEBFE266F8CDC00270953 /* VGSCollect+CheckoutExtensions.swift */; };
		44EBEC03266F8DF500270953 /* VGSAddCardSectionFormView.swift in Sources */ = {isa = PBXBuildFile; fileRef = 44EBEC02266F8DF500270953 /* VGSAddCardSectionFormView.swift */; };
		44EC94EF26690CC000CE04F4 /* VGSCheckoutFormConfiguration.swift in Sources */ = {isa = PBXBuildFile; fileRef = 44EC94EE26690CC000CE04F4 /* VGSCheckoutFormConfiguration.swift */; };
		44EC94F226690CF100CE04F4 /* VGSCheckoutCardNumberOptions.swift in Sources */ = {isa = PBXBuildFile; fileRef = 44EC94F126690CF100CE04F4 /* VGSCheckoutCardNumberOptions.swift */; };
		44EC94F626690D2D00CE04F4 /* VGSCheckoutCVCOptions.swift in Sources */ = {isa = PBXBuildFile; fileRef = 44EC94F526690D2D00CE04F4 /* VGSCheckoutCVCOptions.swift */; };
		44EC94F926690D5600CE04F4 /* VGSCheckoutExpirationDateOptions.swift in Sources */ = {isa = PBXBuildFile; fileRef = 44EC94F826690D5600CE04F4 /* VGSCheckoutExpirationDateOptions.swift */; };
		44EC94FC26690D7900CE04F4 /* VGSCheckoutCardHolderOptions.swift in Sources */ = {isa = PBXBuildFile; fileRef = 44EC94FB26690D7900CE04F4 /* VGSCheckoutCardHolderOptions.swift */; };
		44EC950026690DD100CE04F4 /* VGSCheckoutCardOptions.swift in Sources */ = {isa = PBXBuildFile; fileRef = 44EC94FF26690DD100CE04F4 /* VGSCheckoutCardOptions.swift */; };
		44EC950226690DF800CE04F4 /* VGSCheckoutFieldVisibility.swift in Sources */ = {isa = PBXBuildFile; fileRef = 44EC950126690DF800CE04F4 /* VGSCheckoutFieldVisibility.swift */; };
		44EC95102669EE8700CE04F4 /* VGSCheckoutHTTPMethod.swift in Sources */ = {isa = PBXBuildFile; fileRef = 44EC95062669EE8700CE04F4 /* VGSCheckoutHTTPMethod.swift */; };
		44EC95112669EE8700CE04F4 /* VGSCheckoutRequestOptions.swift in Sources */ = {isa = PBXBuildFile; fileRef = 44EC95082669EE8700CE04F4 /* VGSCheckoutRequestOptions.swift */; };
		44EC95122669EE8700CE04F4 /* VGSCheckoutDataMergePolicy.swift in Sources */ = {isa = PBXBuildFile; fileRef = 44EC950A2669EE8700CE04F4 /* VGSCheckoutDataMergePolicy.swift */; };
		44EC95142669EE8700CE04F4 /* VGSCheckoutRouteConfiguration.swift in Sources */ = {isa = PBXBuildFile; fileRef = 44EC950D2669EE8700CE04F4 /* VGSCheckoutRouteConfiguration.swift */; };
		44EC95152669EE8700CE04F4 /* VGSCheckoutHostnamePolicy.swift in Sources */ = {isa = PBXBuildFile; fileRef = 44EC950F2669EE8700CE04F4 /* VGSCheckoutHostnamePolicy.swift */; };
		44EC95182669F06000CE04F4 /* Media.xcassets in Resources */ = {isa = PBXBuildFile; fileRef = 44EC95172669F06000CE04F4 /* Media.xcassets */; };
		44EC951B2669F23D00CE04F4 /* BundleUtils.swift in Sources */ = {isa = PBXBuildFile; fileRef = 44EC951A2669F23D00CE04F4 /* BundleUtils.swift */; };
		44ECE60A265FEE38006C160B /* VGSCheckout.framework in Frameworks */ = {isa = PBXBuildFile; fileRef = 3286E0BC265EC19C001FECEB /* VGSCheckout.framework */; };
		44ECE615265FF596006C160B /* VGSCheckoutCardIOScanner.swift in Sources */ = {isa = PBXBuildFile; fileRef = 44ECE612265FF596006C160B /* VGSCheckoutCardIOScanner.swift */; };
		44ECE616265FF596006C160B /* CheckoutCardIOScanner.h in Headers */ = {isa = PBXBuildFile; fileRef = 44ECE613265FF596006C160B /* CheckoutCardIOScanner.h */; };
/* End PBXBuildFile section */

/* Begin PBXContainerItemProxy section */
		3286E0C7265EC19C001FECEB /* PBXContainerItemProxy */ = {
			isa = PBXContainerItemProxy;
			containerPortal = 3286E0B3265EC19C001FECEB /* Project object */;
			proxyType = 1;
			remoteGlobalIDString = 3286E0BB265EC19C001FECEB;
			remoteInfo = VGSCheckout;
		};
		44ECE60C265FEE38006C160B /* PBXContainerItemProxy */ = {
			isa = PBXContainerItemProxy;
			containerPortal = 3286E0B3265EC19C001FECEB /* Project object */;
			proxyType = 1;
			remoteGlobalIDString = 3286E0BB265EC19C001FECEB;
			remoteInfo = VGSCheckout;
		};
/* End PBXContainerItemProxy section */

/* Begin PBXFileReference section */
		3286E0BC265EC19C001FECEB /* VGSCheckout.framework */ = {isa = PBXFileReference; explicitFileType = wrapper.framework; includeInIndex = 0; path = VGSCheckout.framework; sourceTree = BUILT_PRODUCTS_DIR; };
		3286E0C5265EC19C001FECEB /* VGSCheckoutTests.xctest */ = {isa = PBXFileReference; explicitFileType = wrapper.cfbundle; includeInIndex = 0; path = VGSCheckoutTests.xctest; sourceTree = BUILT_PRODUCTS_DIR; };
		3286E12F265EC588001FECEB /* VGSCheckout.h */ = {isa = PBXFileReference; fileEncoding = 4; lastKnownFileType = sourcecode.c.h; path = VGSCheckout.h; sourceTree = "<group>"; };
		3286E130265EC588001FECEB /* Info.plist */ = {isa = PBXFileReference; fileEncoding = 4; lastKnownFileType = text.plist.xml; path = Info.plist; sourceTree = "<group>"; };
		3286E137265EC5DC001FECEB /* VGSCheckoutTests.swift */ = {isa = PBXFileReference; fileEncoding = 4; lastKnownFileType = sourcecode.swift; path = VGSCheckoutTests.swift; sourceTree = "<group>"; };
		3286E138265EC5DC001FECEB /* Info.plist */ = {isa = PBXFileReference; fileEncoding = 4; lastKnownFileType = text.plist.xml; path = Info.plist; sourceTree = "<group>"; };
		4455C84B266E4420000CD666 /* VGSPayWithCardHeaderView.swift */ = {isa = PBXFileReference; lastKnownFileType = sourcecode.swift; path = VGSPayWithCardHeaderView.swift; sourceTree = "<group>"; };
		4455C84D266E6908000CD666 /* VGSCardHolderDetailsView.swift */ = {isa = PBXFileReference; lastKnownFileType = sourcecode.swift; path = VGSCardHolderDetailsView.swift; sourceTree = "<group>"; };
		44955C24266DE20500435FC6 /* VGSHeaderBarView.swift */ = {isa = PBXFileReference; lastKnownFileType = sourcecode.swift; path = VGSHeaderBarView.swift; sourceTree = "<group>"; };
		44955C29266DF4D100435FC6 /* VGSCustomRoundedButton.swift */ = {isa = PBXFileReference; fileEncoding = 4; lastKnownFileType = sourcecode.swift; path = VGSCustomRoundedButton.swift; sourceTree = "<group>"; };
		44C4C8BC2664B18A00195505 /* VGSCheckoutHeaderView.swift */ = {isa = PBXFileReference; fileEncoding = 4; lastKnownFileType = sourcecode.swift; path = VGSCheckoutHeaderView.swift; sourceTree = "<group>"; };
		44C4C8BE2664B18A00195505 /* VGSCardDetailsFormView.swift */ = {isa = PBXFileReference; fileEncoding = 4; lastKnownFileType = sourcecode.swift; path = VGSCardDetailsFormView.swift; sourceTree = "<group>"; };
		44C4C8BF2664B18B00195505 /* VGSFormView.swift */ = {isa = PBXFileReference; fileEncoding = 4; lastKnownFileType = sourcecode.swift; path = VGSFormView.swift; sourceTree = "<group>"; };
		44C4C8C02664B18B00195505 /* VGSCheckoutItem.swift */ = {isa = PBXFileReference; fileEncoding = 4; lastKnownFileType = sourcecode.swift; path = VGSCheckoutItem.swift; sourceTree = "<group>"; };
		44C4C8CE2664B18B00195505 /* VGSCVCFormItemView.swift */ = {isa = PBXFileReference; fileEncoding = 4; lastKnownFileType = sourcecode.swift; path = VGSCVCFormItemView.swift; sourceTree = "<group>"; };
		44C4C8CF2664B18B00195505 /* VGSCardholderFormItemView.swift */ = {isa = PBXFileReference; fileEncoding = 4; lastKnownFileType = sourcecode.swift; path = VGSCardholderFormItemView.swift; sourceTree = "<group>"; };
		44C4C8D02664B18B00195505 /* VGSCardNumberFormItemView.swift */ = {isa = PBXFileReference; fileEncoding = 4; lastKnownFileType = sourcecode.swift; path = VGSCardNumberFormItemView.swift; sourceTree = "<group>"; };
		44C4C8D12664B18B00195505 /* VGSExpirationDateFormItemView.swift */ = {isa = PBXFileReference; fileEncoding = 4; lastKnownFileType = sourcecode.swift; path = VGSExpirationDateFormItemView.swift; sourceTree = "<group>"; };
		44C4C8D22664B18B00195505 /* VGSFormComponent.swift */ = {isa = PBXFileReference; fileEncoding = 4; lastKnownFileType = sourcecode.swift; path = VGSFormComponent.swift; sourceTree = "<group>"; };
		44C4C8D42664B18B00195505 /* VGSPlaceholderFormItemView.swift */ = {isa = PBXFileReference; fileEncoding = 4; lastKnownFileType = sourcecode.swift; path = VGSPlaceholderFormItemView.swift; sourceTree = "<group>"; };
		44C4C8D52664B18B00195505 /* VGSFormHintView.swift */ = {isa = PBXFileReference; fileEncoding = 4; lastKnownFileType = sourcecode.swift; path = VGSFormHintView.swift; sourceTree = "<group>"; };
		44C4C8D72664B18B00195505 /* VGSContainerItemView.swift */ = {isa = PBXFileReference; fileEncoding = 4; lastKnownFileType = sourcecode.swift; path = VGSContainerItemView.swift; sourceTree = "<group>"; };
		44C4C8D92664B18B00195505 /* VGSSeparatedStackView.swift */ = {isa = PBXFileReference; fileEncoding = 4; lastKnownFileType = sourcecode.swift; path = VGSSeparatedStackView.swift; sourceTree = "<group>"; };
		44C4C8DB2664B18B00195505 /* VGSFormViewController.swift */ = {isa = PBXFileReference; fileEncoding = 4; lastKnownFileType = sourcecode.swift; path = VGSFormViewController.swift; sourceTree = "<group>"; };
		44C4C8DE2664B18B00195505 /* VGSSubmitButton.swift */ = {isa = PBXFileReference; fileEncoding = 4; lastKnownFileType = sourcecode.swift; path = VGSSubmitButton.swift; sourceTree = "<group>"; };
		44C4C8FA2664B1FD00195505 /* UIView+Extensions.swift */ = {isa = PBXFileReference; lastKnownFileType = sourcecode.swift; path = "UIView+Extensions.swift"; sourceTree = "<group>"; };
		44C4C8FD2664B3B900195505 /* UIColor+Extensions.swift */ = {isa = PBXFileReference; lastKnownFileType = sourcecode.swift; path = "UIColor+Extensions.swift"; sourceTree = "<group>"; };
		44C4C9002664BA5A00195505 /* VGSCheckoutTheme.swift */ = {isa = PBXFileReference; lastKnownFileType = sourcecode.swift; path = VGSCheckoutTheme.swift; sourceTree = "<group>"; };
		44C4C9042664EC7600195505 /* VGSCheckoutBasicConfigurationProtocol.swift */ = {isa = PBXFileReference; lastKnownFileType = sourcecode.swift; path = VGSCheckoutBasicConfigurationProtocol.swift; sourceTree = "<group>"; };
		44C4C9082664ECD200195505 /* VGSCheckoutConfiguration.swift */ = {isa = PBXFileReference; lastKnownFileType = sourcecode.swift; path = VGSCheckoutConfiguration.swift; sourceTree = "<group>"; };
		44C4C92626651AD700195505 /* VGSCheckout.swift */ = {isa = PBXFileReference; lastKnownFileType = sourcecode.swift; path = VGSCheckout.swift; sourceTree = "<group>"; };
		44C4C92926651DCD00195505 /* VGSCardDataSectionManager.swift */ = {isa = PBXFileReference; lastKnownFileType = sourcecode.swift; path = VGSCardDataSectionManager.swift; sourceTree = "<group>"; };
		44C4C92B2665F8ED00195505 /* VGSAddCardUseCaseManager.swift */ = {isa = PBXFileReference; lastKnownFileType = sourcecode.swift; path = VGSAddCardUseCaseManager.swift; sourceTree = "<group>"; };
		44C4C92D2665F9F800195505 /* VGSAddCardFormViewBuilder.swift */ = {isa = PBXFileReference; lastKnownFileType = sourcecode.swift; path = VGSAddCardFormViewBuilder.swift; sourceTree = "<group>"; };
		44D520CB26771AD8005AB588 /* VGSCreditCardAPIWorker.swift */ = {isa = PBXFileReference; lastKnownFileType = sourcecode.swift; path = VGSCreditCardAPIWorker.swift; sourceTree = "<group>"; };
		44D520CD26771E56005AB588 /* VGSCheckoutDelegate.swift */ = {isa = PBXFileReference; lastKnownFileType = sourcecode.swift; path = VGSCheckoutDelegate.swift; sourceTree = "<group>"; };
		44D520D226771EFD005AB588 /* VGSCheckoutRequestResult.swift */ = {isa = PBXFileReference; lastKnownFileType = sourcecode.swift; path = VGSCheckoutRequestResult.swift; sourceTree = "<group>"; };
		44D520D826772937005AB588 /* VGSAddCardAPIWorkerFactory.swift */ = {isa = PBXFileReference; lastKnownFileType = sourcecode.swift; path = VGSAddCardAPIWorkerFactory.swift; sourceTree = "<group>"; };
		44D520E5267870CD005AB588 /* VGSCheckoutMultiplexingConfiguration.swift */ = {isa = PBXFileReference; lastKnownFileType = sourcecode.swift; path = VGSCheckoutMultiplexingConfiguration.swift; sourceTree = "<group>"; };
		44D520F126788594005AB588 /* VGSAddCreditCardMultiplexingAPIWorker.swift */ = {isa = PBXFileReference; lastKnownFileType = sourcecode.swift; path = VGSAddCreditCardMultiplexingAPIWorker.swift; sourceTree = "<group>"; };
		44EBEBFB266F8B1800270953 /* VGSCheckoutFlowCoordinator.swift */ = {isa = PBXFileReference; lastKnownFileType = sourcecode.swift; path = VGSCheckoutFlowCoordinator.swift; sourceTree = "<group>"; };
		44EBEBFE266F8CDC00270953 /* VGSCollect+CheckoutExtensions.swift */ = {isa = PBXFileReference; lastKnownFileType = sourcecode.swift; path = "VGSCollect+CheckoutExtensions.swift"; sourceTree = "<group>"; };
		44EBEC02266F8DF500270953 /* VGSAddCardSectionFormView.swift */ = {isa = PBXFileReference; lastKnownFileType = sourcecode.swift; path = VGSAddCardSectionFormView.swift; sourceTree = "<group>"; };
		44EC94EE26690CC000CE04F4 /* VGSCheckoutFormConfiguration.swift */ = {isa = PBXFileReference; lastKnownFileType = sourcecode.swift; path = VGSCheckoutFormConfiguration.swift; sourceTree = "<group>"; };
		44EC94F126690CF100CE04F4 /* VGSCheckoutCardNumberOptions.swift */ = {isa = PBXFileReference; lastKnownFileType = sourcecode.swift; path = VGSCheckoutCardNumberOptions.swift; sourceTree = "<group>"; };
		44EC94F526690D2D00CE04F4 /* VGSCheckoutCVCOptions.swift */ = {isa = PBXFileReference; lastKnownFileType = sourcecode.swift; path = VGSCheckoutCVCOptions.swift; sourceTree = "<group>"; };
		44EC94F826690D5600CE04F4 /* VGSCheckoutExpirationDateOptions.swift */ = {isa = PBXFileReference; lastKnownFileType = sourcecode.swift; path = VGSCheckoutExpirationDateOptions.swift; sourceTree = "<group>"; };
		44EC94FB26690D7900CE04F4 /* VGSCheckoutCardHolderOptions.swift */ = {isa = PBXFileReference; lastKnownFileType = sourcecode.swift; path = VGSCheckoutCardHolderOptions.swift; sourceTree = "<group>"; };
		44EC94FF26690DD100CE04F4 /* VGSCheckoutCardOptions.swift */ = {isa = PBXFileReference; lastKnownFileType = sourcecode.swift; path = VGSCheckoutCardOptions.swift; sourceTree = "<group>"; };
		44EC950126690DF800CE04F4 /* VGSCheckoutFieldVisibility.swift */ = {isa = PBXFileReference; lastKnownFileType = sourcecode.swift; path = VGSCheckoutFieldVisibility.swift; sourceTree = "<group>"; };
		44EC95062669EE8700CE04F4 /* VGSCheckoutHTTPMethod.swift */ = {isa = PBXFileReference; fileEncoding = 4; lastKnownFileType = sourcecode.swift; path = VGSCheckoutHTTPMethod.swift; sourceTree = "<group>"; };
		44EC95082669EE8700CE04F4 /* VGSCheckoutRequestOptions.swift */ = {isa = PBXFileReference; fileEncoding = 4; lastKnownFileType = sourcecode.swift; path = VGSCheckoutRequestOptions.swift; sourceTree = "<group>"; };
		44EC950A2669EE8700CE04F4 /* VGSCheckoutDataMergePolicy.swift */ = {isa = PBXFileReference; fileEncoding = 4; lastKnownFileType = sourcecode.swift; path = VGSCheckoutDataMergePolicy.swift; sourceTree = "<group>"; };
		44EC950D2669EE8700CE04F4 /* VGSCheckoutRouteConfiguration.swift */ = {isa = PBXFileReference; fileEncoding = 4; lastKnownFileType = sourcecode.swift; path = VGSCheckoutRouteConfiguration.swift; sourceTree = "<group>"; };
		44EC950F2669EE8700CE04F4 /* VGSCheckoutHostnamePolicy.swift */ = {isa = PBXFileReference; fileEncoding = 4; lastKnownFileType = sourcecode.swift; path = VGSCheckoutHostnamePolicy.swift; sourceTree = "<group>"; };
		44EC95172669F06000CE04F4 /* Media.xcassets */ = {isa = PBXFileReference; lastKnownFileType = folder.assetcatalog; path = Media.xcassets; sourceTree = "<group>"; };
		44EC951A2669F23D00CE04F4 /* BundleUtils.swift */ = {isa = PBXFileReference; lastKnownFileType = sourcecode.swift; path = BundleUtils.swift; sourceTree = "<group>"; };
		44ECE5FB265FECA8006C160B /* VGSCheckoutCardIOScanner.framework */ = {isa = PBXFileReference; explicitFileType = wrapper.framework; includeInIndex = 0; path = VGSCheckoutCardIOScanner.framework; sourceTree = BUILT_PRODUCTS_DIR; };
		44ECE612265FF596006C160B /* VGSCheckoutCardIOScanner.swift */ = {isa = PBXFileReference; fileEncoding = 4; lastKnownFileType = sourcecode.swift; path = VGSCheckoutCardIOScanner.swift; sourceTree = "<group>"; };
		44ECE613265FF596006C160B /* CheckoutCardIOScanner.h */ = {isa = PBXFileReference; fileEncoding = 4; lastKnownFileType = sourcecode.c.h; path = CheckoutCardIOScanner.h; sourceTree = "<group>"; };
		44ECE614265FF596006C160B /* Info.plist */ = {isa = PBXFileReference; fileEncoding = 4; lastKnownFileType = text.plist.xml; path = Info.plist; sourceTree = "<group>"; };
/* End PBXFileReference section */

/* Begin PBXFrameworksBuildPhase section */
		3286E0B9265EC19C001FECEB /* Frameworks */ = {
			isa = PBXFrameworksBuildPhase;
			buildActionMask = 2147483647;
			files = (
			);
			runOnlyForDeploymentPostprocessing = 0;
		};
		3286E0C2265EC19C001FECEB /* Frameworks */ = {
			isa = PBXFrameworksBuildPhase;
			buildActionMask = 2147483647;
			files = (
				3286E0C6265EC19C001FECEB /* VGSCheckout.framework in Frameworks */,
			);
			runOnlyForDeploymentPostprocessing = 0;
		};
		44ECE5F8265FECA8006C160B /* Frameworks */ = {
			isa = PBXFrameworksBuildPhase;
			buildActionMask = 2147483647;
			files = (
				44ECE60A265FEE38006C160B /* VGSCheckout.framework in Frameworks */,
			);
			runOnlyForDeploymentPostprocessing = 0;
		};
/* End PBXFrameworksBuildPhase section */

/* Begin PBXGroup section */
		3286E0B2265EC19C001FECEB = {
			isa = PBXGroup;
			children = (
				3286E12D265EC588001FECEB /* Sources */,
				3286E0BD265EC19C001FECEB /* Products */,
				3286E135265EC5DC001FECEB /* Tests */,
				44ECE609265FEE38006C160B /* Frameworks */,
			);
			sourceTree = "<group>";
		};
		3286E0BD265EC19C001FECEB /* Products */ = {
			isa = PBXGroup;
			children = (
				3286E0BC265EC19C001FECEB /* VGSCheckout.framework */,
				3286E0C5265EC19C001FECEB /* VGSCheckoutTests.xctest */,
				44ECE5FB265FECA8006C160B /* VGSCheckoutCardIOScanner.framework */,
			);
			name = Products;
			sourceTree = "<group>";
		};
		3286E12D265EC588001FECEB /* Sources */ = {
			isa = PBXGroup;
			children = (
				3286E12E265EC588001FECEB /* VGSCheckout */,
				44ECE5F2265FEBBE006C160B /* VGSCheckoutCardIOScanner */,
			);
			path = Sources;
			sourceTree = "<group>";
		};
		3286E12E265EC588001FECEB /* VGSCheckout */ = {
			isa = PBXGroup;
			children = (
				44ECE5E2265FE1F0006C160B /* Core */,
				44C4C8F62664B1CE00195505 /* Helpers */,
				44EC95162669F01900CE04F4 /* Resources */,
				3286E12F265EC588001FECEB /* VGSCheckout.h */,
				3286E130265EC588001FECEB /* Info.plist */,
			);
			path = VGSCheckout;
			sourceTree = "<group>";
		};
		3286E135265EC5DC001FECEB /* Tests */ = {
			isa = PBXGroup;
			children = (
				3286E136265EC5DC001FECEB /* VGSCheckoutTests */,
			);
			path = Tests;
			sourceTree = "<group>";
		};
		3286E136265EC5DC001FECEB /* VGSCheckoutTests */ = {
			isa = PBXGroup;
			children = (
				3286E137265EC5DC001FECEB /* VGSCheckoutTests.swift */,
				3286E138265EC5DC001FECEB /* Info.plist */,
			);
			path = VGSCheckoutTests;
			sourceTree = "<group>";
		};
		4455C84A266E4407000CD666 /* PayCardHeaderView */ = {
			isa = PBXGroup;
			children = (
				4455C84B266E4420000CD666 /* VGSPayWithCardHeaderView.swift */,
			);
			path = PayCardHeaderView;
			sourceTree = "<group>";
		};
		44955C23266DE1D200435FC6 /* VGSHeaderBarView */ = {
			isa = PBXGroup;
			children = (
				44955C24266DE20500435FC6 /* VGSHeaderBarView.swift */,
			);
			path = VGSHeaderBarView;
			sourceTree = "<group>";
		};
		44955C26266DE82500435FC6 /* VGSCustomHittableButton */ = {
			isa = PBXGroup;
			children = (
				44955C29266DF4D100435FC6 /* VGSCustomRoundedButton.swift */,
			);
			path = VGSCustomHittableButton;
			sourceTree = "<group>";
		};
		44C4C8B92664B18A00195505 /* UI */ = {
			isa = PBXGroup;
			children = (
				44C4C8FF2664BA4700195505 /* Theme */,
				44C4C8DA2664B18B00195505 /* FormControllers */,
				44C4C8BA2664B18A00195505 /* SupplementaryViews */,
				44C4C8BD2664B18A00195505 /* CheckoutForm */,
				44C4C8DC2664B18B00195505 /* Controls */,
			);
			path = UI;
			sourceTree = "<group>";
		};
		44C4C8BA2664B18A00195505 /* SupplementaryViews */ = {
			isa = PBXGroup;
			children = (
				4455C84A266E4407000CD666 /* PayCardHeaderView */,
				44955C26266DE82500435FC6 /* VGSCustomHittableButton */,
				44955C23266DE1D200435FC6 /* VGSHeaderBarView */,
				44C4C8BB2664B18A00195505 /* VGSCheckoutHeaderView */,
			);
			path = SupplementaryViews;
			sourceTree = "<group>";
		};
		44C4C8BB2664B18A00195505 /* VGSCheckoutHeaderView */ = {
			isa = PBXGroup;
			children = (
				44C4C8BC2664B18A00195505 /* VGSCheckoutHeaderView.swift */,
			);
			path = VGSCheckoutHeaderView;
			sourceTree = "<group>";
		};
		44C4C8BD2664B18A00195505 /* CheckoutForm */ = {
			isa = PBXGroup;
			children = (
				44C4C8BE2664B18A00195505 /* VGSCardDetailsFormView.swift */,
				44C4C8BF2664B18B00195505 /* VGSFormView.swift */,
				44C4C8C02664B18B00195505 /* VGSCheckoutItem.swift */,
				44C4C8C12664B18B00195505 /* FormItems */,
				44C4C8D82664B18B00195505 /* VGSSeparatedStackView */,
			);
			path = CheckoutForm;
			sourceTree = "<group>";
		};
		44C4C8C12664B18B00195505 /* FormItems */ = {
			isa = PBXGroup;
			children = (
				44EBEC00266F8DB800270953 /* UseCaseViews */,
				44C4C8CD2664B18B00195505 /* CardFormItem */,
				44C4C8D22664B18B00195505 /* VGSFormComponent.swift */,
				44C4C8D32664B18B00195505 /* PlaceholderFormItem */,
				44C4C8D62664B18B00195505 /* ContainerItemView */,
				4455C84D266E6908000CD666 /* VGSCardHolderDetailsView.swift */,
			);
			path = FormItems;
			sourceTree = "<group>";
		};
		44C4C8CD2664B18B00195505 /* CardFormItem */ = {
			isa = PBXGroup;
			children = (
				44C4C8CE2664B18B00195505 /* VGSCVCFormItemView.swift */,
				44C4C8CF2664B18B00195505 /* VGSCardholderFormItemView.swift */,
				44C4C8D02664B18B00195505 /* VGSCardNumberFormItemView.swift */,
				44C4C8D12664B18B00195505 /* VGSExpirationDateFormItemView.swift */,
			);
			path = CardFormItem;
			sourceTree = "<group>";
		};
		44C4C8D32664B18B00195505 /* PlaceholderFormItem */ = {
			isa = PBXGroup;
			children = (
				44C4C8D42664B18B00195505 /* VGSPlaceholderFormItemView.swift */,
				44C4C8D52664B18B00195505 /* VGSFormHintView.swift */,
			);
			path = PlaceholderFormItem;
			sourceTree = "<group>";
		};
		44C4C8D62664B18B00195505 /* ContainerItemView */ = {
			isa = PBXGroup;
			children = (
				44C4C8D72664B18B00195505 /* VGSContainerItemView.swift */,
			);
			path = ContainerItemView;
			sourceTree = "<group>";
		};
		44C4C8D82664B18B00195505 /* VGSSeparatedStackView */ = {
			isa = PBXGroup;
			children = (
				44C4C8D92664B18B00195505 /* VGSSeparatedStackView.swift */,
			);
			path = VGSSeparatedStackView;
			sourceTree = "<group>";
		};
		44C4C8DA2664B18B00195505 /* FormControllers */ = {
			isa = PBXGroup;
			children = (
				44C4C8DB2664B18B00195505 /* VGSFormViewController.swift */,
			);
			path = FormControllers;
			sourceTree = "<group>";
		};
		44C4C8DC2664B18B00195505 /* Controls */ = {
			isa = PBXGroup;
			children = (
				44C4C8DD2664B18B00195505 /* SubmitControl */,
			);
			path = Controls;
			sourceTree = "<group>";
		};
		44C4C8DD2664B18B00195505 /* SubmitControl */ = {
			isa = PBXGroup;
			children = (
				44C4C8DE2664B18B00195505 /* VGSSubmitButton.swift */,
			);
			path = SubmitControl;
			sourceTree = "<group>";
		};
		44C4C8F62664B1CE00195505 /* Helpers */ = {
			isa = PBXGroup;
			children = (
				44EC95192669F21F00CE04F4 /* BundleUtils */,
				44C4C8F72664B1D600195505 /* Extenions */,
			);
			path = Helpers;
			sourceTree = "<group>";
		};
		44C4C8F72664B1D600195505 /* Extenions */ = {
			isa = PBXGroup;
			children = (
				44EBEBFD266F8CC200270953 /* VGSCollect+Extensions */,
				44C4C8F82664B1DD00195505 /* UIKit+Extensions */,
			);
			path = Extenions;
			sourceTree = "<group>";
		};
		44C4C8F82664B1DD00195505 /* UIKit+Extensions */ = {
			isa = PBXGroup;
			children = (
				44C4C8FC2664B3A500195505 /* UIColor+Extensions */,
				44C4C8F92664B1E700195505 /* UIView+Extensions */,
			);
			path = "UIKit+Extensions";
			sourceTree = "<group>";
		};
		44C4C8F92664B1E700195505 /* UIView+Extensions */ = {
			isa = PBXGroup;
			children = (
				44C4C8FA2664B1FD00195505 /* UIView+Extensions.swift */,
			);
			path = "UIView+Extensions";
			sourceTree = "<group>";
		};
		44C4C8FC2664B3A500195505 /* UIColor+Extensions */ = {
			isa = PBXGroup;
			children = (
				44C4C8FD2664B3B900195505 /* UIColor+Extensions.swift */,
			);
			path = "UIColor+Extensions";
			sourceTree = "<group>";
		};
		44C4C8FF2664BA4700195505 /* Theme */ = {
			isa = PBXGroup;
			children = (
				44C4C9002664BA5A00195505 /* VGSCheckoutTheme.swift */,
			);
			path = Theme;
			sourceTree = "<group>";
		};
		44C4C9022664EC5800195505 /* Configuration */ = {
			isa = PBXGroup;
			children = (
				44C4C9032664EC6600195505 /* BasicConfig */,
				44C4C9062664EC9A00195505 /* CustomConfig */,
				44D520E4267870A5005AB588 /* Multiplexing */,
			);
			path = Configuration;
			sourceTree = "<group>";
		};
		44C4C9032664EC6600195505 /* BasicConfig */ = {
			isa = PBXGroup;
			children = (
				44C4C9042664EC7600195505 /* VGSCheckoutBasicConfigurationProtocol.swift */,
			);
			path = BasicConfig;
			sourceTree = "<group>";
		};
		44C4C9062664EC9A00195505 /* CustomConfig */ = {
			isa = PBXGroup;
			children = (
				44C4C9072664ECA600195505 /* Vaullt */,
			);
			path = CustomConfig;
			sourceTree = "<group>";
		};
		44C4C9072664ECA600195505 /* Vaullt */ = {
			isa = PBXGroup;
			children = (
				44C4C9082664ECD200195505 /* VGSCheckoutConfiguration.swift */,
				44EC95042669EE8700CE04F4 /* RouteConfiguration */,
				44EC94ED26690C9E00CE04F4 /* VaultFormConfiguration */,
			);
			path = Vaullt;
			sourceTree = "<group>";
		};
		44C4C92526651AC600195505 /* Checkout */ = {
			isa = PBXGroup;
			children = (
				44D520D026771ECF005AB588 /* Models */,
				44C4C92626651AD700195505 /* VGSCheckout.swift */,
				44D520CF26771E61005AB588 /* CheckoutDelegate */,
				44EBEBF7266F89AE00270953 /* UseCase */,
			);
			path = Checkout;
			sourceTree = "<group>";
		};
		44C4C92826651DB100195505 /* CardDetails */ = {
			isa = PBXGroup;
			children = (
				44C4C92926651DCD00195505 /* VGSCardDataSectionManager.swift */,
			);
			path = CardDetails;
			sourceTree = "<group>";
		};
		44D520C926771A89005AB588 /* DataWorkers */ = {
			isa = PBXGroup;
			children = (
				44D520CA26771AA3005AB588 /* AddCardDataWorkers */,
			);
			path = DataWorkers;
			sourceTree = "<group>";
		};
		44D520CA26771AA3005AB588 /* AddCardDataWorkers */ = {
			isa = PBXGroup;
			children = (
				44D520CB26771AD8005AB588 /* VGSCreditCardAPIWorker.swift */,
				44D520D826772937005AB588 /* VGSAddCardAPIWorkerFactory.swift */,
				44D520F126788594005AB588 /* VGSAddCreditCardMultiplexingAPIWorker.swift */,
			);
			path = AddCardDataWorkers;
			sourceTree = "<group>";
		};
		44D520CF26771E61005AB588 /* CheckoutDelegate */ = {
			isa = PBXGroup;
			children = (
				44D520CD26771E56005AB588 /* VGSCheckoutDelegate.swift */,
			);
			path = CheckoutDelegate;
			sourceTree = "<group>";
		};
		44D520D026771ECF005AB588 /* Models */ = {
			isa = PBXGroup;
			children = (
				44D520D126771ED7005AB588 /* CheckoutRequestResult */,
			);
			path = Models;
			sourceTree = "<group>";
		};
		44D520D126771ED7005AB588 /* CheckoutRequestResult */ = {
			isa = PBXGroup;
			children = (
				44D520D226771EFD005AB588 /* VGSCheckoutRequestResult.swift */,
			);
			path = CheckoutRequestResult;
			sourceTree = "<group>";
		};
		44D520E4267870A5005AB588 /* Multiplexing */ = {
			isa = PBXGroup;
			children = (
				44D520E5267870CD005AB588 /* VGSCheckoutMultiplexingConfiguration.swift */,
			);
			path = Multiplexing;
			sourceTree = "<group>";
		};
		44EBEBF7266F89AE00270953 /* UseCase */ = {
			isa = PBXGroup;
			children = (
				44EBEBFA266F8B0500270953 /* CheckoutFlowCoordinator */,
				44EBEBF8266F89B500270953 /* AddCard */,
			);
			path = UseCase;
			sourceTree = "<group>";
		};
		44EBEBF8266F89B500270953 /* AddCard */ = {
			isa = PBXGroup;
			children = (
				44C4C92B2665F8ED00195505 /* VGSAddCardUseCaseManager.swift */,
				44C4C92826651DB100195505 /* CardDetails */,
				44D520C926771A89005AB588 /* DataWorkers */,
			);
			path = AddCard;
			sourceTree = "<group>";
		};
		44EBEBFA266F8B0500270953 /* CheckoutFlowCoordinator */ = {
			isa = PBXGroup;
			children = (
				44EBEBFB266F8B1800270953 /* VGSCheckoutFlowCoordinator.swift */,
			);
			path = CheckoutFlowCoordinator;
			sourceTree = "<group>";
		};
		44EBEBFD266F8CC200270953 /* VGSCollect+Extensions */ = {
			isa = PBXGroup;
			children = (
				44EBEBFE266F8CDC00270953 /* VGSCollect+CheckoutExtensions.swift */,
			);
			path = "VGSCollect+Extensions";
			sourceTree = "<group>";
		};
		44EBEC00266F8DB800270953 /* UseCaseViews */ = {
			isa = PBXGroup;
			children = (
				44EBEC01266F8DC300270953 /* AddCardMainView */,
			);
			path = UseCaseViews;
			sourceTree = "<group>";
		};
		44EBEC01266F8DC300270953 /* AddCardMainView */ = {
			isa = PBXGroup;
			children = (
				44C4C92D2665F9F800195505 /* VGSAddCardFormViewBuilder.swift */,
				44EBEC02266F8DF500270953 /* VGSAddCardSectionFormView.swift */,
			);
			path = AddCardMainView;
			sourceTree = "<group>";
		};
		44EC94ED26690C9E00CE04F4 /* VaultFormConfiguration */ = {
			isa = PBXGroup;
			children = (
				44EC94EE26690CC000CE04F4 /* VGSCheckoutFormConfiguration.swift */,
				44EC94F026690CD900CE04F4 /* FormFields */,
			);
			path = VaultFormConfiguration;
			sourceTree = "<group>";
		};
		44EC94F026690CD900CE04F4 /* FormFields */ = {
			isa = PBXGroup;
			children = (
				44EC94FD26690DA900CE04F4 /* CardDetails */,
			);
			path = FormFields;
			sourceTree = "<group>";
		};
		44EC94F326690D0800CE04F4 /* CardNumber */ = {
			isa = PBXGroup;
			children = (
				44EC94F126690CF100CE04F4 /* VGSCheckoutCardNumberOptions.swift */,
			);
			path = CardNumber;
			sourceTree = "<group>";
		};
		44EC94F426690D1400CE04F4 /* CVC */ = {
			isa = PBXGroup;
			children = (
				44EC94F526690D2D00CE04F4 /* VGSCheckoutCVCOptions.swift */,
			);
			path = CVC;
			sourceTree = "<group>";
		};
		44EC94F726690D4100CE04F4 /* ExpirationDate */ = {
			isa = PBXGroup;
			children = (
				44EC94F826690D5600CE04F4 /* VGSCheckoutExpirationDateOptions.swift */,
			);
			path = ExpirationDate;
			sourceTree = "<group>";
		};
		44EC94FA26690D6800CE04F4 /* CardHolder */ = {
			isa = PBXGroup;
			children = (
				44EC94FB26690D7900CE04F4 /* VGSCheckoutCardHolderOptions.swift */,
			);
			path = CardHolder;
			sourceTree = "<group>";
		};
		44EC94FD26690DA900CE04F4 /* CardDetails */ = {
			isa = PBXGroup;
			children = (
				44EC94FF26690DD100CE04F4 /* VGSCheckoutCardOptions.swift */,
				44EC94FA26690D6800CE04F4 /* CardHolder */,
				44EC94F326690D0800CE04F4 /* CardNumber */,
				44EC94F726690D4100CE04F4 /* ExpirationDate */,
				44EC94F426690D1400CE04F4 /* CVC */,
				44EC94FE26690DB700CE04F4 /* FieldVisibility */,
			);
			path = CardDetails;
			sourceTree = "<group>";
		};
		44EC94FE26690DB700CE04F4 /* FieldVisibility */ = {
			isa = PBXGroup;
			children = (
				44EC950126690DF800CE04F4 /* VGSCheckoutFieldVisibility.swift */,
			);
			path = FieldVisibility;
			sourceTree = "<group>";
		};
		44EC95042669EE8700CE04F4 /* RouteConfiguration */ = {
			isa = PBXGroup;
			children = (
				44EC950D2669EE8700CE04F4 /* VGSCheckoutRouteConfiguration.swift */,
				44EC95052669EE8700CE04F4 /* HTTPMethods */,
				44EC95072669EE8700CE04F4 /* RequestOptions */,
				44EC95092669EE8700CE04F4 /* DataMergePolicy */,
				44EC950E2669EE8700CE04F4 /* HostnamePolicy */,
			);
			path = RouteConfiguration;
			sourceTree = "<group>";
		};
		44EC95052669EE8700CE04F4 /* HTTPMethods */ = {
			isa = PBXGroup;
			children = (
				44EC95062669EE8700CE04F4 /* VGSCheckoutHTTPMethod.swift */,
			);
			path = HTTPMethods;
			sourceTree = "<group>";
		};
		44EC95072669EE8700CE04F4 /* RequestOptions */ = {
			isa = PBXGroup;
			children = (
				44EC95082669EE8700CE04F4 /* VGSCheckoutRequestOptions.swift */,
			);
			path = RequestOptions;
			sourceTree = "<group>";
		};
		44EC95092669EE8700CE04F4 /* DataMergePolicy */ = {
			isa = PBXGroup;
			children = (
				44EC950A2669EE8700CE04F4 /* VGSCheckoutDataMergePolicy.swift */,
			);
			path = DataMergePolicy;
			sourceTree = "<group>";
		};
		44EC950E2669EE8700CE04F4 /* HostnamePolicy */ = {
			isa = PBXGroup;
			children = (
				44EC950F2669EE8700CE04F4 /* VGSCheckoutHostnamePolicy.swift */,
			);
			path = HostnamePolicy;
			sourceTree = "<group>";
		};
		44EC95162669F01900CE04F4 /* Resources */ = {
			isa = PBXGroup;
			children = (
				44EC95172669F06000CE04F4 /* Media.xcassets */,
			);
			path = Resources;
			sourceTree = "<group>";
		};
		44EC95192669F21F00CE04F4 /* BundleUtils */ = {
			isa = PBXGroup;
			children = (
				44EC951A2669F23D00CE04F4 /* BundleUtils.swift */,
			);
			path = BundleUtils;
			sourceTree = "<group>";
		};
		44ECE5E2265FE1F0006C160B /* Core */ = {
			isa = PBXGroup;
			children = (
				44C4C92526651AC600195505 /* Checkout */,
				44C4C9022664EC5800195505 /* Configuration */,
				44C4C8B92664B18A00195505 /* UI */,
			);
			path = Core;
			sourceTree = "<group>";
		};
		44ECE5F2265FEBBE006C160B /* VGSCheckoutCardIOScanner */ = {
			isa = PBXGroup;
			children = (
				44ECE613265FF596006C160B /* CheckoutCardIOScanner.h */,
				44ECE614265FF596006C160B /* Info.plist */,
				44ECE611265FF596006C160B /* CardIOProvider */,
			);
			path = VGSCheckoutCardIOScanner;
			sourceTree = "<group>";
		};
		44ECE609265FEE38006C160B /* Frameworks */ = {
			isa = PBXGroup;
			children = (
			);
			name = Frameworks;
			sourceTree = "<group>";
		};
		44ECE611265FF596006C160B /* CardIOProvider */ = {
			isa = PBXGroup;
			children = (
				44ECE612265FF596006C160B /* VGSCheckoutCardIOScanner.swift */,
			);
			path = CardIOProvider;
			sourceTree = "<group>";
		};
/* End PBXGroup section */

/* Begin PBXHeadersBuildPhase section */
		3286E0B7265EC19C001FECEB /* Headers */ = {
			isa = PBXHeadersBuildPhase;
			buildActionMask = 2147483647;
			files = (
				3286E131265EC588001FECEB /* VGSCheckout.h in Headers */,
			);
			runOnlyForDeploymentPostprocessing = 0;
		};
		44ECE5F6265FECA8006C160B /* Headers */ = {
			isa = PBXHeadersBuildPhase;
			buildActionMask = 2147483647;
			files = (
				44ECE616265FF596006C160B /* CheckoutCardIOScanner.h in Headers */,
			);
			runOnlyForDeploymentPostprocessing = 0;
		};
/* End PBXHeadersBuildPhase section */

/* Begin PBXNativeTarget section */
		3286E0BB265EC19C001FECEB /* VGSCheckout */ = {
			isa = PBXNativeTarget;
			buildConfigurationList = 3286E0D0265EC19C001FECEB /* Build configuration list for PBXNativeTarget "VGSCheckout" */;
			buildPhases = (
				3286E0B7265EC19C001FECEB /* Headers */,
				3286E0B8265EC19C001FECEB /* Sources */,
				3286E0B9265EC19C001FECEB /* Frameworks */,
				3286E0BA265EC19C001FECEB /* Resources */,
				44C4C8B02660AF3400195505 /* SwiftLint */,
			);
			buildRules = (
			);
			dependencies = (
			);
			name = VGSCheckout;
			packageProductDependencies = (
			);
			productName = VGSCheckout;
			productReference = 3286E0BC265EC19C001FECEB /* VGSCheckout.framework */;
			productType = "com.apple.product-type.framework";
		};
		3286E0C4265EC19C001FECEB /* VGSCheckoutTests */ = {
			isa = PBXNativeTarget;
			buildConfigurationList = 3286E0D3265EC19C001FECEB /* Build configuration list for PBXNativeTarget "VGSCheckoutTests" */;
			buildPhases = (
				3286E0C1265EC19C001FECEB /* Sources */,
				3286E0C2265EC19C001FECEB /* Frameworks */,
				3286E0C3265EC19C001FECEB /* Resources */,
				44C4C8B52660B13F00195505 /* SwiftLint */,
			);
			buildRules = (
			);
			dependencies = (
				3286E0C8265EC19C001FECEB /* PBXTargetDependency */,
			);
			name = VGSCheckoutTests;
			productName = VGSCheckoutTests;
			productReference = 3286E0C5265EC19C001FECEB /* VGSCheckoutTests.xctest */;
			productType = "com.apple.product-type.bundle.unit-test";
		};
		44ECE5FA265FECA8006C160B /* VGSCheckoutCardIOScanner */ = {
			isa = PBXNativeTarget;
			buildConfigurationList = 44ECE600265FECA8006C160B /* Build configuration list for PBXNativeTarget "VGSCheckoutCardIOScanner" */;
			buildPhases = (
				44ECE5F6265FECA8006C160B /* Headers */,
				44ECE5F7265FECA8006C160B /* Sources */,
				44ECE5F8265FECA8006C160B /* Frameworks */,
				44ECE5F9265FECA8006C160B /* Resources */,
				44C4C8B12660AF6700195505 /* SwiftLint */,
			);
			buildRules = (
			);
			dependencies = (
				44ECE60D265FEE38006C160B /* PBXTargetDependency */,
			);
			name = VGSCheckoutCardIOScanner;
			packageProductDependencies = (
			);
			productName = VGSCheckoutCardIOScanner;
			productReference = 44ECE5FB265FECA8006C160B /* VGSCheckoutCardIOScanner.framework */;
			productType = "com.apple.product-type.framework";
		};
/* End PBXNativeTarget section */

/* Begin PBXProject section */
		3286E0B3265EC19C001FECEB /* Project object */ = {
			isa = PBXProject;
			attributes = {
				LastSwiftUpdateCheck = 1240;
				LastUpgradeCheck = 1240;
				TargetAttributes = {
					3286E0BB265EC19C001FECEB = {
						CreatedOnToolsVersion = 12.4;
					};
					3286E0C4265EC19C001FECEB = {
						CreatedOnToolsVersion = 12.4;
					};
					44ECE5FA265FECA8006C160B = {
						CreatedOnToolsVersion = 12.5;
						LastSwiftMigration = 1250;
					};
				};
			};
			buildConfigurationList = 3286E0B6265EC19C001FECEB /* Build configuration list for PBXProject "VGSCheckout" */;
			compatibilityVersion = "Xcode 9.3";
			developmentRegion = en;
			hasScannedForEncodings = 0;
			knownRegions = (
				en,
				Base,
			);
			mainGroup = 3286E0B2265EC19C001FECEB;
			packageReferences = (
			);
			productRefGroup = 3286E0BD265EC19C001FECEB /* Products */;
			projectDirPath = "";
			projectRoot = "";
			targets = (
				3286E0BB265EC19C001FECEB /* VGSCheckout */,
				3286E0C4265EC19C001FECEB /* VGSCheckoutTests */,
				44ECE5FA265FECA8006C160B /* VGSCheckoutCardIOScanner */,
			);
		};
/* End PBXProject section */

/* Begin PBXResourcesBuildPhase section */
		3286E0BA265EC19C001FECEB /* Resources */ = {
			isa = PBXResourcesBuildPhase;
			buildActionMask = 2147483647;
			files = (
				44EC95182669F06000CE04F4 /* Media.xcassets in Resources */,
			);
			runOnlyForDeploymentPostprocessing = 0;
		};
		3286E0C3265EC19C001FECEB /* Resources */ = {
			isa = PBXResourcesBuildPhase;
			buildActionMask = 2147483647;
			files = (
			);
			runOnlyForDeploymentPostprocessing = 0;
		};
		44ECE5F9265FECA8006C160B /* Resources */ = {
			isa = PBXResourcesBuildPhase;
			buildActionMask = 2147483647;
			files = (
			);
			runOnlyForDeploymentPostprocessing = 0;
		};
/* End PBXResourcesBuildPhase section */

/* Begin PBXShellScriptBuildPhase section */
		44C4C8B02660AF3400195505 /* SwiftLint */ = {
			isa = PBXShellScriptBuildPhase;
			buildActionMask = 2147483647;
			files = (
			);
			inputFileListPaths = (
			);
			inputPaths = (
			);
			name = SwiftLint;
			outputFileListPaths = (
			);
			outputPaths = (
			);
			runOnlyForDeploymentPostprocessing = 0;
			shellPath = /bin/sh;
			shellScript = "if which swiftlint >/dev/null; then\n  swiftlint lint --config \"${SRCROOT}/.swiftlint.yml\"\nelse\n  echo \"warning: SwiftLint not installed, download from https://github.com/realm/SwiftLint\"\nfi\n";
		};
		44C4C8B12660AF6700195505 /* SwiftLint */ = {
			isa = PBXShellScriptBuildPhase;
			buildActionMask = 2147483647;
			files = (
			);
			inputFileListPaths = (
			);
			inputPaths = (
			);
			name = SwiftLint;
			outputFileListPaths = (
			);
			outputPaths = (
			);
			runOnlyForDeploymentPostprocessing = 0;
			shellPath = /bin/sh;
			shellScript = "if which swiftlint >/dev/null; then\n  swiftlint lint --config \"${SRCROOT}/.swiftlint.yml\"\nelse\n  echo \"warning: SwiftLint not installed, download from https://github.com/realm/SwiftLint\"\nfi\n";
		};
		44C4C8B52660B13F00195505 /* SwiftLint */ = {
			isa = PBXShellScriptBuildPhase;
			buildActionMask = 2147483647;
			files = (
			);
			inputFileListPaths = (
			);
			inputPaths = (
			);
			name = SwiftLint;
			outputFileListPaths = (
			);
			outputPaths = (
			);
			runOnlyForDeploymentPostprocessing = 0;
			shellPath = /bin/sh;
			shellScript = "if which swiftlint >/dev/null; then\n  swiftlint lint --config \"${SRCROOT}/.swiftlint.yml\"\nelse\n  echo \"warning: SwiftLint not installed, download from https://github.com/realm/SwiftLint\"\nfi\n\n";
		};
/* End PBXShellScriptBuildPhase section */

/* Begin PBXSourcesBuildPhase section */
		3286E0B8265EC19C001FECEB /* Sources */ = {
			isa = PBXSourcesBuildPhase;
			buildActionMask = 2147483647;
			files = (
				44EBEBFC266F8B1800270953 /* VGSCheckoutFlowCoordinator.swift in Sources */,
				44EC950026690DD100CE04F4 /* VGSCheckoutCardOptions.swift in Sources */,
				44EC95112669EE8700CE04F4 /* VGSCheckoutRequestOptions.swift in Sources */,
				44EC95122669EE8700CE04F4 /* VGSCheckoutDataMergePolicy.swift in Sources */,
				44C4C8F52664B18B00195505 /* VGSSubmitButton.swift in Sources */,
				44C4C8F32664B18B00195505 /* VGSSeparatedStackView.swift in Sources */,
				4455C84C266E4420000CD666 /* VGSPayWithCardHeaderView.swift in Sources */,
				44C4C8FB2664B1FD00195505 /* UIView+Extensions.swift in Sources */,
				44C4C8F02664B18B00195505 /* VGSPlaceholderFormItemView.swift in Sources */,
				44EC95142669EE8700CE04F4 /* VGSCheckoutRouteConfiguration.swift in Sources */,
				44EBEC03266F8DF500270953 /* VGSAddCardSectionFormView.swift in Sources */,
				44C4C9052664EC7600195505 /* VGSCheckoutBasicConfigurationProtocol.swift in Sources */,
				44EC94F626690D2D00CE04F4 /* VGSCheckoutCVCOptions.swift in Sources */,
				44C4C92E2665F9F800195505 /* VGSAddCardFormViewBuilder.swift in Sources */,
				44C4C8EB2664B18B00195505 /* VGSCVCFormItemView.swift in Sources */,
				44C4C8EF2664B18B00195505 /* VGSFormComponent.swift in Sources */,
				44D520CC26771AD8005AB588 /* VGSCreditCardAPIWorker.swift in Sources */,
				44C4C8F42664B18B00195505 /* VGSFormViewController.swift in Sources */,
				44EC94F226690CF100CE04F4 /* VGSCheckoutCardNumberOptions.swift in Sources */,
				44EC951B2669F23D00CE04F4 /* BundleUtils.swift in Sources */,
				44C4C8FE2664B3B900195505 /* UIColor+Extensions.swift in Sources */,
				44EC94FC26690D7900CE04F4 /* VGSCheckoutCardHolderOptions.swift in Sources */,
				44D520F226788594005AB588 /* VGSAddCreditCardMultiplexingAPIWorker.swift in Sources */,
				44C4C8E02664B18B00195505 /* VGSCardDetailsFormView.swift in Sources */,
				44C4C8DF2664B18B00195505 /* VGSCheckoutHeaderView.swift in Sources */,
				44C4C8EE2664B18B00195505 /* VGSExpirationDateFormItemView.swift in Sources */,
				44C4C8F22664B18B00195505 /* VGSContainerItemView.swift in Sources */,
				44955C2A266DF4D100435FC6 /* VGSCustomRoundedButton.swift in Sources */,
				44C4C8E12664B18B00195505 /* VGSFormView.swift in Sources */,
				44C4C9092664ECD200195505 /* VGSCheckoutConfiguration.swift in Sources */,
				44EBEBFF266F8CDD00270953 /* VGSCollect+CheckoutExtensions.swift in Sources */,
				44C4C9012664BA5A00195505 /* VGSCheckoutTheme.swift in Sources */,
				4455C84E266E6908000CD666 /* VGSCardHolderDetailsView.swift in Sources */,
				44C4C92C2665F8ED00195505 /* VGSAddCardUseCaseManager.swift in Sources */,
				44955C25266DE20500435FC6 /* VGSHeaderBarView.swift in Sources */,
				44EC94EF26690CC000CE04F4 /* VGSCheckoutFormConfiguration.swift in Sources */,
				44D520CE26771E56005AB588 /* VGSCheckoutDelegate.swift in Sources */,
				44D520E6267870CE005AB588 /* VGSCheckoutMultiplexingConfiguration.swift in Sources */,
				44D520D926772937005AB588 /* VGSAddCardAPIWorkerFactory.swift in Sources */,
				44EC95152669EE8700CE04F4 /* VGSCheckoutHostnamePolicy.swift in Sources */,
				44EC94F926690D5600CE04F4 /* VGSCheckoutExpirationDateOptions.swift in Sources */,
				44C4C92726651AD700195505 /* VGSCheckout.swift in Sources */,
				44C4C8F12664B18B00195505 /* VGSFormHintView.swift in Sources */,
				44EC950226690DF800CE04F4 /* VGSCheckoutFieldVisibility.swift in Sources */,
				44C4C8ED2664B18B00195505 /* VGSCardNumberFormItemView.swift in Sources */,
				44C4C92A26651DCD00195505 /* VGSCardDataSectionManager.swift in Sources */,
				44EC95102669EE8700CE04F4 /* VGSCheckoutHTTPMethod.swift in Sources */,
				44C4C8E22664B18B00195505 /* VGSCheckoutItem.swift in Sources */,
				44C4C8EC2664B18B00195505 /* VGSCardholderFormItemView.swift in Sources */,
				44D520D326771EFD005AB588 /* VGSCheckoutRequestResult.swift in Sources */,
			);
			runOnlyForDeploymentPostprocessing = 0;
		};
		3286E0C1265EC19C001FECEB /* Sources */ = {
			isa = PBXSourcesBuildPhase;
			buildActionMask = 2147483647;
			files = (
				3286E139265EC5DC001FECEB /* VGSCheckoutTests.swift in Sources */,
			);
			runOnlyForDeploymentPostprocessing = 0;
		};
		44ECE5F7265FECA8006C160B /* Sources */ = {
			isa = PBXSourcesBuildPhase;
			buildActionMask = 2147483647;
			files = (
				44ECE615265FF596006C160B /* VGSCheckoutCardIOScanner.swift in Sources */,
			);
			runOnlyForDeploymentPostprocessing = 0;
		};
/* End PBXSourcesBuildPhase section */

/* Begin PBXTargetDependency section */
		3286E0C8265EC19C001FECEB /* PBXTargetDependency */ = {
			isa = PBXTargetDependency;
			target = 3286E0BB265EC19C001FECEB /* VGSCheckout */;
			targetProxy = 3286E0C7265EC19C001FECEB /* PBXContainerItemProxy */;
		};
		44ECE60D265FEE38006C160B /* PBXTargetDependency */ = {
			isa = PBXTargetDependency;
			target = 3286E0BB265EC19C001FECEB /* VGSCheckout */;
			targetProxy = 44ECE60C265FEE38006C160B /* PBXContainerItemProxy */;
		};
/* End PBXTargetDependency section */

/* Begin XCBuildConfiguration section */
		3286E0CE265EC19C001FECEB /* Debug */ = {
			isa = XCBuildConfiguration;
			buildSettings = {
				ALWAYS_SEARCH_USER_PATHS = NO;
				CLANG_ANALYZER_NONNULL = YES;
				CLANG_ANALYZER_NUMBER_OBJECT_CONVERSION = YES_AGGRESSIVE;
				CLANG_CXX_LANGUAGE_STANDARD = "gnu++14";
				CLANG_CXX_LIBRARY = "libc++";
				CLANG_ENABLE_MODULES = YES;
				CLANG_ENABLE_OBJC_ARC = YES;
				CLANG_ENABLE_OBJC_WEAK = YES;
				CLANG_WARN_BLOCK_CAPTURE_AUTORELEASING = YES;
				CLANG_WARN_BOOL_CONVERSION = YES;
				CLANG_WARN_COMMA = YES;
				CLANG_WARN_CONSTANT_CONVERSION = YES;
				CLANG_WARN_DEPRECATED_OBJC_IMPLEMENTATIONS = YES;
				CLANG_WARN_DIRECT_OBJC_ISA_USAGE = YES_ERROR;
				CLANG_WARN_DOCUMENTATION_COMMENTS = YES;
				CLANG_WARN_EMPTY_BODY = YES;
				CLANG_WARN_ENUM_CONVERSION = YES;
				CLANG_WARN_INFINITE_RECURSION = YES;
				CLANG_WARN_INT_CONVERSION = YES;
				CLANG_WARN_NON_LITERAL_NULL_CONVERSION = YES;
				CLANG_WARN_OBJC_IMPLICIT_RETAIN_SELF = YES;
				CLANG_WARN_OBJC_LITERAL_CONVERSION = YES;
				CLANG_WARN_OBJC_ROOT_CLASS = YES_ERROR;
				CLANG_WARN_QUOTED_INCLUDE_IN_FRAMEWORK_HEADER = YES;
				CLANG_WARN_RANGE_LOOP_ANALYSIS = YES;
				CLANG_WARN_STRICT_PROTOTYPES = YES;
				CLANG_WARN_SUSPICIOUS_MOVE = YES;
				CLANG_WARN_UNGUARDED_AVAILABILITY = YES_AGGRESSIVE;
				CLANG_WARN_UNREACHABLE_CODE = YES;
				CLANG_WARN__DUPLICATE_METHOD_MATCH = YES;
				COPY_PHASE_STRIP = NO;
				CURRENT_PROJECT_VERSION = 1;
				DEBUG_INFORMATION_FORMAT = dwarf;
				ENABLE_STRICT_OBJC_MSGSEND = YES;
				ENABLE_TESTABILITY = YES;
				GCC_C_LANGUAGE_STANDARD = gnu11;
				GCC_DYNAMIC_NO_PIC = NO;
				GCC_NO_COMMON_BLOCKS = YES;
				GCC_OPTIMIZATION_LEVEL = 0;
				GCC_PREPROCESSOR_DEFINITIONS = (
					"DEBUG=1",
					"$(inherited)",
				);
				GCC_WARN_64_TO_32_BIT_CONVERSION = YES;
				GCC_WARN_ABOUT_RETURN_TYPE = YES_ERROR;
				GCC_WARN_UNDECLARED_SELECTOR = YES;
				GCC_WARN_UNINITIALIZED_AUTOS = YES_AGGRESSIVE;
				GCC_WARN_UNUSED_FUNCTION = YES;
				GCC_WARN_UNUSED_VARIABLE = YES;
				IPHONEOS_DEPLOYMENT_TARGET = 11.0;
				MTL_ENABLE_DEBUG_INFO = INCLUDE_SOURCE;
				MTL_FAST_MATH = YES;
				ONLY_ACTIVE_ARCH = YES;
				SDKROOT = iphoneos;
				SWIFT_ACTIVE_COMPILATION_CONDITIONS = DEBUG;
				SWIFT_OPTIMIZATION_LEVEL = "-Onone";
				VERSIONING_SYSTEM = "apple-generic";
				VERSION_INFO_PREFIX = "";
			};
			name = Debug;
		};
		3286E0CF265EC19C001FECEB /* Release */ = {
			isa = XCBuildConfiguration;
			buildSettings = {
				ALWAYS_SEARCH_USER_PATHS = NO;
				CLANG_ANALYZER_NONNULL = YES;
				CLANG_ANALYZER_NUMBER_OBJECT_CONVERSION = YES_AGGRESSIVE;
				CLANG_CXX_LANGUAGE_STANDARD = "gnu++14";
				CLANG_CXX_LIBRARY = "libc++";
				CLANG_ENABLE_MODULES = YES;
				CLANG_ENABLE_OBJC_ARC = YES;
				CLANG_ENABLE_OBJC_WEAK = YES;
				CLANG_WARN_BLOCK_CAPTURE_AUTORELEASING = YES;
				CLANG_WARN_BOOL_CONVERSION = YES;
				CLANG_WARN_COMMA = YES;
				CLANG_WARN_CONSTANT_CONVERSION = YES;
				CLANG_WARN_DEPRECATED_OBJC_IMPLEMENTATIONS = YES;
				CLANG_WARN_DIRECT_OBJC_ISA_USAGE = YES_ERROR;
				CLANG_WARN_DOCUMENTATION_COMMENTS = YES;
				CLANG_WARN_EMPTY_BODY = YES;
				CLANG_WARN_ENUM_CONVERSION = YES;
				CLANG_WARN_INFINITE_RECURSION = YES;
				CLANG_WARN_INT_CONVERSION = YES;
				CLANG_WARN_NON_LITERAL_NULL_CONVERSION = YES;
				CLANG_WARN_OBJC_IMPLICIT_RETAIN_SELF = YES;
				CLANG_WARN_OBJC_LITERAL_CONVERSION = YES;
				CLANG_WARN_OBJC_ROOT_CLASS = YES_ERROR;
				CLANG_WARN_QUOTED_INCLUDE_IN_FRAMEWORK_HEADER = YES;
				CLANG_WARN_RANGE_LOOP_ANALYSIS = YES;
				CLANG_WARN_STRICT_PROTOTYPES = YES;
				CLANG_WARN_SUSPICIOUS_MOVE = YES;
				CLANG_WARN_UNGUARDED_AVAILABILITY = YES_AGGRESSIVE;
				CLANG_WARN_UNREACHABLE_CODE = YES;
				CLANG_WARN__DUPLICATE_METHOD_MATCH = YES;
				COPY_PHASE_STRIP = NO;
				CURRENT_PROJECT_VERSION = 1;
				DEBUG_INFORMATION_FORMAT = "dwarf-with-dsym";
				ENABLE_NS_ASSERTIONS = NO;
				ENABLE_STRICT_OBJC_MSGSEND = YES;
				GCC_C_LANGUAGE_STANDARD = gnu11;
				GCC_NO_COMMON_BLOCKS = YES;
				GCC_WARN_64_TO_32_BIT_CONVERSION = YES;
				GCC_WARN_ABOUT_RETURN_TYPE = YES_ERROR;
				GCC_WARN_UNDECLARED_SELECTOR = YES;
				GCC_WARN_UNINITIALIZED_AUTOS = YES_AGGRESSIVE;
				GCC_WARN_UNUSED_FUNCTION = YES;
				GCC_WARN_UNUSED_VARIABLE = YES;
				IPHONEOS_DEPLOYMENT_TARGET = 11.0;
				MTL_ENABLE_DEBUG_INFO = NO;
				MTL_FAST_MATH = YES;
				SDKROOT = iphoneos;
				SWIFT_COMPILATION_MODE = wholemodule;
				SWIFT_OPTIMIZATION_LEVEL = "-O";
				VALIDATE_PRODUCT = YES;
				VERSIONING_SYSTEM = "apple-generic";
				VERSION_INFO_PREFIX = "";
			};
			name = Release;
		};
		3286E0D1265EC19C001FECEB /* Debug */ = {
			isa = XCBuildConfiguration;
			buildSettings = {
				CODE_SIGN_STYLE = Automatic;
				DEFINES_MODULE = YES;
				DEVELOPMENT_TEAM = 4445Y664U5;
				DYLIB_COMPATIBILITY_VERSION = 1;
				DYLIB_CURRENT_VERSION = 1;
				DYLIB_INSTALL_NAME_BASE = "@rpath";
				INFOPLIST_FILE = "$(SRCROOT)/Sources/VGSCheckout/Info.plist";
				INSTALL_PATH = "$(LOCAL_LIBRARY_DIR)/Frameworks";
				IPHONEOS_DEPLOYMENT_TARGET = 11.0;
				LD_RUNPATH_SEARCH_PATHS = (
					"$(inherited)",
					"@executable_path/Frameworks",
					"@loader_path/Frameworks",
				);
				MARKETING_VERSION = 0.0.1;
				PRODUCT_BUNDLE_IDENTIFIER = com.vgs.framework.VGSCheckout;
				PRODUCT_NAME = "$(TARGET_NAME:c99extidentifier)";
				SKIP_INSTALL = YES;
				SUPPORTS_MACCATALYST = NO;
				SWIFT_VERSION = 5.0;
				TARGETED_DEVICE_FAMILY = "1,2";
			};
			name = Debug;
		};
		3286E0D2265EC19C001FECEB /* Release */ = {
			isa = XCBuildConfiguration;
			buildSettings = {
				CODE_SIGN_STYLE = Automatic;
				DEFINES_MODULE = YES;
				DEVELOPMENT_TEAM = 4445Y664U5;
				DYLIB_COMPATIBILITY_VERSION = 1;
				DYLIB_CURRENT_VERSION = 1;
				DYLIB_INSTALL_NAME_BASE = "@rpath";
				INFOPLIST_FILE = "$(SRCROOT)/Sources/VGSCheckout/Info.plist";
				INSTALL_PATH = "$(LOCAL_LIBRARY_DIR)/Frameworks";
				IPHONEOS_DEPLOYMENT_TARGET = 11.0;
				LD_RUNPATH_SEARCH_PATHS = (
					"$(inherited)",
					"@executable_path/Frameworks",
					"@loader_path/Frameworks",
				);
				MARKETING_VERSION = 0.0.1;
				PRODUCT_BUNDLE_IDENTIFIER = com.vgs.framework.VGSCheckout;
				PRODUCT_NAME = "$(TARGET_NAME:c99extidentifier)";
				SKIP_INSTALL = YES;
				SUPPORTS_MACCATALYST = NO;
				SWIFT_VERSION = 5.0;
				TARGETED_DEVICE_FAMILY = "1,2";
			};
			name = Release;
		};
		3286E0D4265EC19C001FECEB /* Debug */ = {
			isa = XCBuildConfiguration;
			buildSettings = {
				ALWAYS_EMBED_SWIFT_STANDARD_LIBRARIES = YES;
				CODE_SIGN_STYLE = Automatic;
				DEVELOPMENT_TEAM = 4445Y664U5;
				INFOPLIST_FILE = "$(SRCROOT)/Tests/VGSCheckoutTests/Info.plist";
				LD_RUNPATH_SEARCH_PATHS = (
					"$(inherited)",
					"@executable_path/Frameworks",
					"@loader_path/Frameworks",
				);
				PRODUCT_BUNDLE_IDENTIFIER = com.vgs.framework.VGSCheckout.VGSCheckoutTests;
				PRODUCT_NAME = "$(TARGET_NAME)";
				SWIFT_VERSION = 5.0;
				TARGETED_DEVICE_FAMILY = "1,2";
			};
			name = Debug;
		};
		3286E0D5265EC19C001FECEB /* Release */ = {
			isa = XCBuildConfiguration;
			buildSettings = {
				ALWAYS_EMBED_SWIFT_STANDARD_LIBRARIES = YES;
				CODE_SIGN_STYLE = Automatic;
				DEVELOPMENT_TEAM = 4445Y664U5;
				INFOPLIST_FILE = "$(SRCROOT)/Tests/VGSCheckoutTests/Info.plist";
				LD_RUNPATH_SEARCH_PATHS = (
					"$(inherited)",
					"@executable_path/Frameworks",
					"@loader_path/Frameworks",
				);
				PRODUCT_BUNDLE_IDENTIFIER = com.vgs.framework.VGSCheckout.VGSCheckoutTests;
				PRODUCT_NAME = "$(TARGET_NAME)";
				SWIFT_VERSION = 5.0;
				TARGETED_DEVICE_FAMILY = "1,2";
			};
			name = Release;
		};
		44ECE601265FECA8006C160B /* Debug */ = {
			isa = XCBuildConfiguration;
			buildSettings = {
				CLANG_ENABLE_MODULES = YES;
				CODE_SIGN_STYLE = Automatic;
				DEFINES_MODULE = YES;
				DEVELOPMENT_TEAM = 4445Y664U5;
				DYLIB_COMPATIBILITY_VERSION = 1;
				DYLIB_CURRENT_VERSION = 1;
				DYLIB_INSTALL_NAME_BASE = "@rpath";
				INFOPLIST_FILE = "$(SRCROOT)/Sources/VGSCheckoutCardIOScanner/Info.plist";
				INSTALL_PATH = "$(LOCAL_LIBRARY_DIR)/Frameworks";
				IPHONEOS_DEPLOYMENT_TARGET = 11.0;
				LD_RUNPATH_SEARCH_PATHS = (
					"$(inherited)",
					"@executable_path/Frameworks",
					"@loader_path/Frameworks",
				);
				MARKETING_VERSION = 0.0.1;
				PRODUCT_BUNDLE_IDENTIFIER = com.vgs.framework.VGSCheckoutCardIOScanner;
				PRODUCT_NAME = "$(TARGET_NAME:c99extidentifier)";
				SKIP_INSTALL = YES;
				SUPPORTS_MACCATALYST = NO;
				SWIFT_OPTIMIZATION_LEVEL = "-Onone";
				SWIFT_VERSION = 5.0;
				TARGETED_DEVICE_FAMILY = "1,2";
			};
			name = Debug;
		};
		44ECE602265FECA8006C160B /* Release */ = {
			isa = XCBuildConfiguration;
			buildSettings = {
				CLANG_ENABLE_MODULES = YES;
				CODE_SIGN_STYLE = Automatic;
				DEFINES_MODULE = YES;
				DEVELOPMENT_TEAM = 4445Y664U5;
				DYLIB_COMPATIBILITY_VERSION = 1;
				DYLIB_CURRENT_VERSION = 1;
				DYLIB_INSTALL_NAME_BASE = "@rpath";
				INFOPLIST_FILE = "$(SRCROOT)/Sources/VGSCheckoutCardIOScanner/Info.plist";
				INSTALL_PATH = "$(LOCAL_LIBRARY_DIR)/Frameworks";
				IPHONEOS_DEPLOYMENT_TARGET = 11.0;
				LD_RUNPATH_SEARCH_PATHS = (
					"$(inherited)",
					"@executable_path/Frameworks",
					"@loader_path/Frameworks",
				);
				MARKETING_VERSION = 0.0.1;
				PRODUCT_BUNDLE_IDENTIFIER = com.vgs.framework.VGSCheckoutCardIOScanner;
				PRODUCT_NAME = "$(TARGET_NAME:c99extidentifier)";
				SKIP_INSTALL = YES;
				SUPPORTS_MACCATALYST = NO;
				SWIFT_VERSION = 5.0;
				TARGETED_DEVICE_FAMILY = "1,2";
			};
			name = Release;
		};
/* End XCBuildConfiguration section */

/* Begin XCConfigurationList section */
		3286E0B6265EC19C001FECEB /* Build configuration list for PBXProject "VGSCheckout" */ = {
			isa = XCConfigurationList;
			buildConfigurations = (
				3286E0CE265EC19C001FECEB /* Debug */,
				3286E0CF265EC19C001FECEB /* Release */,
			);
			defaultConfigurationIsVisible = 0;
			defaultConfigurationName = Release;
		};
		3286E0D0265EC19C001FECEB /* Build configuration list for PBXNativeTarget "VGSCheckout" */ = {
			isa = XCConfigurationList;
			buildConfigurations = (
				3286E0D1265EC19C001FECEB /* Debug */,
				3286E0D2265EC19C001FECEB /* Release */,
			);
			defaultConfigurationIsVisible = 0;
			defaultConfigurationName = Release;
		};
		3286E0D3265EC19C001FECEB /* Build configuration list for PBXNativeTarget "VGSCheckoutTests" */ = {
			isa = XCConfigurationList;
			buildConfigurations = (
				3286E0D4265EC19C001FECEB /* Debug */,
				3286E0D5265EC19C001FECEB /* Release */,
			);
			defaultConfigurationIsVisible = 0;
			defaultConfigurationName = Release;
		};
		44ECE600265FECA8006C160B /* Build configuration list for PBXNativeTarget "VGSCheckoutCardIOScanner" */ = {
			isa = XCConfigurationList;
			buildConfigurations = (
				44ECE601265FECA8006C160B /* Debug */,
				44ECE602265FECA8006C160B /* Release */,
			);
			defaultConfigurationIsVisible = 0;
			defaultConfigurationName = Release;
		};
/* End XCConfigurationList section */
	};
	rootObject = 3286E0B3265EC19C001FECEB /* Project object */;
}
