PODS:
  - VGSCheckout (0.0.1):
    - VGSCheckout/Core (= 0.0.1)
  - VGSCheckout/CardIO (0.0.1):
    - VGSCheckout/Core
  - VGSCheckout/Core (0.0.1)
  - VGSCollectSDK (1.8.1):
    - VGSCollectSDK/Core (= 1.8.1)
  - VGSCollectSDK/Core (1.8.1):
    - VGSCollectSDK/PaymentCards
  - VGSCollectSDK/PaymentCards (1.8.1)

DEPENDENCIES:
  - VGSCheckout (from `../`)
  - VGSCheckout/CardIO (from `../`)
  - VGSCollectSDK

SPEC REPOS:
  trunk:
    - VGSCollectSDK

EXTERNAL SOURCES:
  VGSCheckout:
    :path: "../"

SPEC CHECKSUMS:
  VGSCheckout: 6d8a63cf0a9ce42f99ac797bd0d8a7349c3ea170
  VGSCollectSDK: 51b15ed2618412e739c849ca848029b8e8af8849

PODFILE CHECKSUM: c77d740b15ee8c2e7e396d7cb6b9a50bdfbfc7c6

COCOAPODS: 1.10.0
