PODS:
  - CardIOSDK (5.5.6)
  - VGSCheckout (0.0.1):
    - VGSCheckout/Core (= 0.0.1)
  - VGSCheckout/CardIO (0.0.1):
    - VGSCheckout/Core
    - VGSCollectSDK/CardIO
  - VGSCheckout/Core (0.0.1):
    - VGSCollectSDK (= 1.7.13)
  - VGSCollectSDK (1.7.13):
    - VGSCollectSDK/Core (= 1.7.13)
  - VGSCollectSDK/CardIO (1.7.13):
    - CardIOSDK (= 5.5.6)
    - VGSCollectSDK/Core
  - VGSCollectSDK/Core (1.7.13)

DEPENDENCIES:
  - VGSCheckout (from `../`)
  - VGSCheckout/CardIO (from `../`)

SPEC REPOS:
  trunk:
    - CardIOSDK
    - VGSCollectSDK

EXTERNAL SOURCES:
  VGSCheckout:
    :path: "../"

SPEC CHECKSUMS:
  CardIOSDK: 772e8f3d5e23854fa289c9c4760ca931bfdf3c9c
  VGSCheckout: 03c272702063bbeefa125b7ab0097c740db41881
  VGSCollectSDK: 10fc834bcf00a6e62c7add608b59033a0aaf71a1

PODFILE CHECKSUM: dab5f7573e2e6ae7b430927766aab655b991ffdf

COCOAPODS: 1.10.1
